{
  "contract/lib/abdk-libraries-solidity": {
    "rev": "5e1e7c11b35f8313d3f7ce11c1b86320d7c0b554"
  },
  "contract/lib/forge-std": {
    "rev": "3353993420c6e488a2914ce02d88174e80ad80f8"
  },
  "contract/lib/openzeppelin-contracts": {
    "rev": "10a776bae653a3d388e75954d44bd34d746e2dda"
  },
  "contract/lib/prb-math": {
    "branch": {
      "name": "release-v4",
      "rev": "280fc5f77e1b21b9c54013aac51966be33f4a410"
    }
  },
  "contract/lib/solidity-bytes-utils": {
    "tag": {
      "name": "v0.8.4",
      "rev": "f4413cd6137b78403e3a1156bee6aceab46b46fa"
    }
  }
}